// !$*UTF8*$!
{
	archiveVersion = 1;
	classes = {
	};
	objectVersion = 38;
	objects = {
		00E6828EFEC88D1A11DB9C8B = {
			buildStyles = (
				130F8B80001BD9A911CA292A,
				130F8B81001BD9A911CA292A,
			);
			hasScannedForEncodings = 1;
			isa = PBXProject;
			mainGroup = 00E6828FFEC88D1A11DB9C8B;
			productRefGroup = 0120612AFEC8923411DB9C8B;
			projectDirPath = "";
			targets = (
				130F8B84001BDB6411CA292A,
			);
		};
		00E6828FFEC88D1A11DB9C8B = {
			children = (
				F5CA717E038340F701D9C453,
				F5CA717F038340F701D9C453,
				F5CA7180038340F701D9C453,
				F5CA7181038340F701D9C453,
				F5CA7182038340F701D9C453,
				00E68291FEC88ED911DB9C8B,
				0120612AFEC8923411DB9C8B,
			);
			isa = PBXGroup;
			refType = 4;
		};
		00E68291FEC88ED911DB9C8B = {
			fileEncoding = 5;
			isa = PBXFileReference;
			path = example1.html;
			refType = 4;
		};
//000
//001
//002
//003
//004
//010
//011
//012
//013
//014
		0120612AFEC8923411DB9C8B = {
			children = (
				F5CA7192038341D301D9C453,
			);
			isa = PBXGroup;
			name = Products;
			refType = 4;
		};
//010
//011
//012
//013
//014
//130
//131
//132
//133
//134
		130F8B80001BD9A911CA292A = {
			buildRules = (
			);
			buildSettings = {
				COPY_PHASE_STRIP = NO;
			};
			isa = PBXBuildStyle;
			name = Development;
		};
		130F8B81001BD9A911CA292A = {
			buildRules = (
			);
			buildSettings = {
				COPY_PHASE_STRIP = YES;
			};
			isa = PBXBuildStyle;
			name = Deployment;
		};
		130F8B84001BDB6411CA292A = {
			buildPhases = (
				130F8B85001BDB6411CA292A,
				130F8B87001BDB6411CA292A,
				130F8B88001BDB6411CA292A,
				130F8B89001BDB6411CA292A,
			);
			buildSettings = {
				DISABLE_PARALLEL_BUILDING = YES;
				INSTALL_PATH = /Developer/Examples/Java/Applets;
				JAVA_ARCHIVE_CLASSES = NO;
				JAVA_ARCHIVE_COMPRESSION = NO;
				JAVA_ARCHIVE_TYPE = JAR;
				JAVA_COMPILER = /usr/bin/javac;
				JAVA_SOURCE_SUBDIR = .;
				PRODUCT_NAME = SortDemo;
				PURE_JAVA = YES;
				REZ_EXECUTABLE = YES;
			};
			dependencies = (
			);
			isa = PBXToolTarget;
			name = SortDemo;
			productInstallPath = /Developer/Examples/Java/Applets;
			productName = JavaAWTApplet;
			productReference = F5CA7192038341D301D9C453;
		};
		130F8B85001BDB6411CA292A = {
			buildActionMask = 2147483647;
			files = (
				F5CA7183038340F701D9C453,
				F5CA7184038340F701D9C453,
				F5CA7185038340F701D9C453,
				F5CA7186038340F701D9C453,
				F5CA7187038340F701D9C453,
			);
			isa = PBXSourcesBuildPhase;
			runOnlyForDeploymentPostprocessing = 0;
		};
		130F8B87001BDB6411CA292A = {
			buildActionMask = 2147483647;
			files = (
			);
			isa = PBXJavaArchiveBuildPhase;
			runOnlyForDeploymentPostprocessing = 0;
		};
		130F8B88001BDB6411CA292A = {
			buildActionMask = 2147483647;
			files = (
			);
			isa = PBXFrameworksBuildPhase;
			runOnlyForDeploymentPostprocessing = 0;
		};
		130F8B89001BDB6411CA292A = {
			buildActionMask = 2147483647;
			dstPath = SortDemo;
			dstSubfolderSpec = 16;
			files = (
				130F8B8A001BDB6411CA292A,
			);
			isa = PBXCopyFilesBuildPhase;
			runOnlyForDeploymentPostprocessing = 0;
		};
		130F8B8A001BDB6411CA292A = {
			fileRef = 00E68291FEC88ED911DB9C8B;
			isa = PBXBuildFile;
			settings = {
			};
		};
//130
//131
//132
//133
//134
//F50
//F51
//F52
//F53
//F54
		F5CA717E038340F701D9C453 = {
			fileEncoding = 5;
			isa = PBXFileReference;
			path = BidirBubbleSortAlgorithm.java;
			refType = 4;
		};
		F5CA717F038340F701D9C453 = {
			fileEncoding = 5;
			isa = PBXFileReference;
			path = BubbleSortAlgorithm.java;
			refType = 4;
		};
		F5CA7180038340F701D9C453 = {
			fileEncoding = 5;
			isa = PBXFileReference;
			path = QSortAlgorithm.java;
			refType = 4;
		};
		F5CA7181038340F701D9C453 = {
			fileEncoding = 5;
			isa = PBXFileReference;
			path = SortAlgorithm.java;
			refType = 4;
		};
		F5CA7182038340F701D9C453 = {
			fileEncoding = 5;
			isa = PBXFileReference;
			path = SortItem.java;
			refType = 4;
		};
		F5CA7183038340F701D9C453 = {
			fileRef = F5CA717E038340F701D9C453;
			isa = PBXBuildFile;
			settings = {
			};
		};
		F5CA7184038340F701D9C453 = {
			fileRef = F5CA717F038340F701D9C453;
			isa = PBXBuildFile;
			settings = {
			};
		};
		F5CA7185038340F701D9C453 = {
			fileRef = F5CA7180038340F701D9C453;
			isa = PBXBuildFile;
			settings = {
			};
		};
		F5CA7186038340F701D9C453 = {
			fileRef = F5CA7181038340F701D9C453;
			isa = PBXBuildFile;
			settings = {
			};
		};
		F5CA7187038340F701D9C453 = {
			fileRef = F5CA7182038340F701D9C453;
			isa = PBXBuildFile;
			settings = {
			};
		};
		F5CA7192038341D301D9C453 = {
			includeInIndex = 0;
			isa = PBXFolderReference;
			path = SortDemo;
			refType = 3;
		};
	};
	rootObject = 00E6828EFEC88D1A11DB9C8B;
}
